Microsoft Visual Studio Solution File, Format Version 12.00
# Visual Studio Version 17
VisualStudioVersion = 17.5.2.0
MinimumVisualStudioVersion = 10.0.40219.1
Project("{FAE04EC0-301F-11D3-BF4B-00C04F79EFBC}") = "Game Data Parser", "Game Data Parser.csproj", "{A3A253A0-E027-2D54-7074-DFB3C40DE632}"
EndProject
Global
	GlobalSection(SolutionConfigurationPlatforms) = preSolution
		Debug|Any CPU = Debug|Any CPU
		Release|Any CPU = Release|Any CPU
	EndGlobalSection
	GlobalSection(ProjectConfigurationPlatforms) = postSolution
		{A3A253A0-E027-2D54-7074-DFB3C40DE632}.Debug|Any CPU.ActiveCfg = Debug|Any CPU
		{A3A253A0-E027-2D54-7074-DFB3C40DE632}.Debug|Any CPU.Build.0 = Debug|Any CPU
		{A3A253A0-E027-2D54-7074-DFB3C40DE632}.Release|Any CPU.ActiveCfg = Release|Any CPU
		{A3A253A0-E027-2D54-7074-DFB3C40DE632}.Release|Any CPU.Build.0 = Release|Any CPU
	EndGlobalSection
	GlobalSection(SolutionProperties) = preSolution
		HideSolutionNode = FALSE
	EndGlobalSection
	GlobalSection(ExtensibilityGlobals) = postSolution
		SolutionGuid = {00395E6B-84F0-4E40-8D8B-BDCA152BA186}
	EndGlobalSection
EndGlobal
